
Microsoft Visual Studio Solution File, Format Version 12.00
# Visual Studio Version 17
VisualStudioVersion = 17.5.33516.290
MinimumVisualStudioVersion = 10.0.40219.1
Project("{FAE04EC0-301F-11D3-BF4B-00C04F79EFBC}") = "MemeSystem", "MemeSystem.csproj", "{7A91D693-E401-409C-B4CB-DDC75CA42A65}"
EndProject
Global
	GlobalSection(SolutionConfigurationPlatforms) = preSolution
		Debug|Any CPU = Debug|Any CPU
		Release|Any CPU = Release|Any CPU
	EndGlobalSection
	GlobalSection(ProjectConfigurationPlatforms) = postSolution
		{7A91D693-E401-409C-B4CB-DDC75CA42A65}.Debug|Any CPU.ActiveCfg = Debug|Any CPU
		{7A91D693-E401-409C-B4CB-DDC75CA42A65}.Debug|Any CPU.Build.0 = Debug|Any CPU
		{7A91D693-E401-409C-B4CB-DDC75CA42A65}.Release|Any CPU.ActiveCfg = Release|Any CPU
		{7A91D693-E401-409C-B4CB-DDC75CA42A65}.Release|Any CPU.Build.0 = Release|Any CPU
	EndGlobalSection
	GlobalSection(SolutionProperties) = preSolution
		HideSolutionNode = FALSE
	EndGlobalSection
	GlobalSection(ExtensibilityGlobals) = postSolution
		SolutionGuid = {3921CFD5-A657-4371-B153-DE2B917AA3E6}
	EndGlobalSection
EndGlobal
